{
  "requires": true,
  "lockfileVersion": 1,
  "dependencies": {
    "@angular/service-worker": {
      "version": "9.1.1",
      "resolved": "https://registry.npmjs.org/@angular/service-worker/-/service-worker-9.1.1.tgz",
      "integrity": "sha512-uHwG4QJ6uHZFy1BXUXph/qm1XXMiYX2Hr0Z4TyTm90q0IBel0D9dR5Zq96YM8lJvpf4lvw6HBWgbo8rAZAdCcw=="
    }
  }
}
